github.com/EliasFleckenstein03/mtmap v0.0.0 h1:nFFRG1lM8OMSPgzWpwKKH1DWEmIGFwXowpTWxJSwenc=
github.com/EliasFleckenstein03/mtmap v0.0.0/go.mod h1:6pkCcM19dFz5sL7dM5FYMkHyJ8WwPkny/fDMsBH3Z9U=
github.com/EliasFleckenstein03/mtmap v0.0.1 h1:yQ/UVjQRUiJB7tfvJfeMtNxITT3Xemhsjz5C5hReaZ8=
github.com/EliasFleckenstein03/mtmap v0.0.1/go.mod h1:6pkCcM19dFz5sL7dM5FYMkHyJ8WwPkny/fDMsBH3Z9U=
github.com/EliasFleckenstein03/mtmap v0.1.0 h1:rzJERc/0SAD8i0XhIW/woXYjV7Dd5ScfCCsVxTLNTW8=
github.com/EliasFleckenstein03/mtmap v0.1.0/go.mod h1:6pkCcM19dFz5sL7dM5FYMkHyJ8WwPkny/fDMsBH3Z9U=
github.com/EliasFleckenstein03/mtmap v0.1.1 h1:pFS+UXi7saCo8gjaqEmsT60xFO7w1etCUm83WY6zqMo=
github.com/EliasFleckenstein03/mtmap v0.1.1/go.mod h1:6pkCcM19dFz5sL7dM5FYMkHyJ8WwPkny/fDMsBH3Z9U=
github.com/EliasFleckenstein03/mtmap v0.2.0 h1:TwKkQnr7hbRexGMMloj1Ckz+3IrEAB1vzeim+D2CS6E=
github.com/EliasFleckenstein03/mtmap v0.2.0/go.mod h1:6pkCcM19dFz5sL7dM5FYMkHyJ8WwPkny/fDMsBH3Z9U=
github.com/EliasFleckenstein03/mtmap v0.2.1 h1:yt/5wh3DuMWaO1E7Yn7gFyCck+3SqkJTTj2ldsxf+Vg=
github.com/EliasFleckenstein03/mtmap v0.2.1/go.mod h1:6pkCcM19dFz5sL7dM5FYMkHyJ8WwPkny/fDMsBH3Z9U=
github.com/EliasFleckenstein03/mtmap v0.2.2 h1:sK5ByGJyEaP0q9pZsIvqls4Ny1nqZ2UXxbfBWQTQ1ac=
github.com/EliasFleckenstein03/mtmap v0.2.2/go.mod h1:6pkCcM19dFz5sL7dM5FYMkHyJ8WwPkny/fDMsBH3Z9U=
github.com/EliasFleckenstein03/mtmap v0.2.3 h1:CaQO+xzK0r4wz5CqM+gLNUW9icmJSpnDhhguXgklajY=
github.com/EliasFleckenstein03/mtmap v0.2.3/go.mod h1:6pkCcM19dFz5sL7dM5FYMkHyJ8WwPkny/fDMsBH3Z9U=
github.com/EliasFleckenstein03/mtmap v0.2.4 h1:Sn36Av+lOuAalqIZ89hJollA1pqhvDxtr8S8Gl8GFpo=
github.com/EliasFleckenstein03/mtmap v0.2.4/go.mod h1:6pkCcM19dFz5sL7dM5FYMkHyJ8WwPkny/fDMsBH3Z9U=
github.com/EliasFleckenstein03/mtmap v0.2.5 h1:O5TyCi2jzl+oB+A9h3cvID/q+PAfmdPECAvQ8Smzdv0=
github.com/EliasFleckenstein03/mtmap v0.2.5/go.mod h1:6pkCcM19dFz5sL7dM5FYMkHyJ8WwPkny/fDMsBH3Z9U=
github.com/EliasFleckenstein03/mtmap v0.2.6 h1:tgDJpdNDBNGSZr3hOL+mFfsgKpoOCJIEykpfDqLHEdI=
github.com/EliasFleckenstein03/mtmap v0.2.6/go.mod h1:6pkCcM19dFz5sL7dM5FYMkHyJ8WwPkny/fDMsBH3Z9U=
github.com/EliasFleckenstein03/mtmap v0.3.0 h1:8q2oiiGjIAHB/D73TWg4q7Xvlyd0IG+UVsyYp4NiGQA=
github.com/EliasFleckenstein03/mtmap v0.3.0/go.mod h1:6pkCcM19dFz5sL7dM5FYMkHyJ8WwPkny/fDMsBH3Z9U=
github.com/EliasFleckenstein03/mtmap v0.4.0 h1:FMAwYDZaJv5D0i3piX8UNSYsM5ezEPW0Is2LRgiMh80=
github.com/EliasFleckenstein03/mtmap v0.4.0/go.mod h1:6pkCcM19dFz5sL7dM5FYMkHyJ8WwPkny/fDMsBH3Z9U=
github.com/EliasFleckenstein03/mtmap v0.4.1-0.20220716232113-b89ea79c9264 h1:fMC0F6QxuZtch5RjJUd6VDusDCwG8utjIkx+uKujssQ=
github.com/EliasFleckenstein03/mtmap v0.4.1-0.20220716232113-b89ea79c9264/go.mod h1:6pkCcM19dFz5sL7dM5FYMkHyJ8WwPkny/fDMsBH3Z9U=
github.com/anon55555/mt v0.0.0-20210919124550-bcc58cb3048f h1:tZU8VPYLyRrG3Lj9zBZvTVF5tUGciC/2aUIgTcU4WaM=
github.com/anon55555/mt v0.0.0-20210919124550-bcc58cb3048f/go.mod h1:jH4ER+ahjl7H6TczzK+q4V9sXY++U2Geh6/vt3r4Xvs=
github.com/mattn/go-sqlite3 v1.14.14 h1:qZgc/Rwetq+MtyE18WhzjokPD93dNqLGNT3QJuLvBGw=
github.com/mattn/go-sqlite3 v1.14.14/go.mod h1:NyWgC/yNuGj7Q9rpYnZvas74GogHl5/Z4A/KQRfk6bU=
